
Microsoft Visual Studio Solution File, Format Version 12.00
# Visual Studio Version 17
VisualStudioVersion = 17.14.36603.0 d17.14
MinimumVisualStudioVersion = 10.0.40219.1
Project("{FAE04EC0-301F-11D3-BF4B-00C04F79EFBC}") = "ReadingList.Cli", "ReadingList\ReadingList.Cli.csproj", "{6DC695AB-82FC-40EB-A8A0-E82364DC7470}"
EndProject
Project("{FAE04EC0-301F-11D3-BF4B-00C04F79EFBC}") = "ReadingList.Application", "ReadingList.Application\ReadingList.Application.csproj", "{A2CC7854-9632-4144-97F8-3DC730A5A739}"
EndProject
Project("{FAE04EC0-301F-11D3-BF4B-00C04F79EFBC}") = "ReadingList.Domain", "ReadingList.Domain\ReadingList.Domain.csproj", "{02BF1789-FD56-4FFC-B4D3-6A7C0F17B3C5}"
EndProject
Project("{FAE04EC0-301F-11D3-BF4B-00C04F79EFBC}") = "ReadingList.Infrastructure", "ReadingList.Infrastructure\ReadingList.Infrastructure.csproj", "{5371D4FE-8E1D-49A8-A9D7-D50DFAF8D6FC}"
EndProject
Global
	GlobalSection(SolutionConfigurationPlatforms) = preSolution
		Debug|Any CPU = Debug|Any CPU
		Release|Any CPU = Release|Any CPU
	EndGlobalSection
	GlobalSection(ProjectConfigurationPlatforms) = postSolution
		{6DC695AB-82FC-40EB-A8A0-E82364DC7470}.Debug|Any CPU.ActiveCfg = Debug|Any CPU
		{6DC695AB-82FC-40EB-A8A0-E82364DC7470}.Debug|Any CPU.Build.0 = Debug|Any CPU
		{6DC695AB-82FC-40EB-A8A0-E82364DC7470}.Release|Any CPU.ActiveCfg = Release|Any CPU
		{6DC695AB-82FC-40EB-A8A0-E82364DC7470}.Release|Any CPU.Build.0 = Release|Any CPU
		{A2CC7854-9632-4144-97F8-3DC730A5A739}.Debug|Any CPU.ActiveCfg = Debug|Any CPU
		{A2CC7854-9632-4144-97F8-3DC730A5A739}.Debug|Any CPU.Build.0 = Debug|Any CPU
		{A2CC7854-9632-4144-97F8-3DC730A5A739}.Release|Any CPU.ActiveCfg = Release|Any CPU
		{A2CC7854-9632-4144-97F8-3DC730A5A739}.Release|Any CPU.Build.0 = Release|Any CPU
		{02BF1789-FD56-4FFC-B4D3-6A7C0F17B3C5}.Debug|Any CPU.ActiveCfg = Debug|Any CPU
		{02BF1789-FD56-4FFC-B4D3-6A7C0F17B3C5}.Debug|Any CPU.Build.0 = Debug|Any CPU
		{02BF1789-FD56-4FFC-B4D3-6A7C0F17B3C5}.Release|Any CPU.ActiveCfg = Release|Any CPU
		{02BF1789-FD56-4FFC-B4D3-6A7C0F17B3C5}.Release|Any CPU.Build.0 = Release|Any CPU
		{5371D4FE-8E1D-49A8-A9D7-D50DFAF8D6FC}.Debug|Any CPU.ActiveCfg = Debug|Any CPU
		{5371D4FE-8E1D-49A8-A9D7-D50DFAF8D6FC}.Debug|Any CPU.Build.0 = Debug|Any CPU
		{5371D4FE-8E1D-49A8-A9D7-D50DFAF8D6FC}.Release|Any CPU.ActiveCfg = Release|Any CPU
		{5371D4FE-8E1D-49A8-A9D7-D50DFAF8D6FC}.Release|Any CPU.Build.0 = Release|Any CPU
	EndGlobalSection
	GlobalSection(SolutionProperties) = preSolution
		HideSolutionNode = FALSE
	EndGlobalSection
	GlobalSection(ExtensibilityGlobals) = postSolution
		SolutionGuid = {FD2A2FE6-96B5-4E7B-BF6A-BE696BB8374D}
	EndGlobalSection
EndGlobal
