
Microsoft Visual Studio Solution File, Format Version 12.00
# Visual Studio Version 17
VisualStudioVersion = 17.14.36518.9
MinimumVisualStudioVersion = 10.0.40219.1
Project("{FAE04EC0-301F-11D3-BF4B-00C04F79EFBC}") = "UserInputDemo", "UserInputDemo\UserInputDemo.csproj", "{0E0A3AD4-4219-446B-BF56-6F05D9B94F7B}"
EndProject
Project("{FAE04EC0-301F-11D3-BF4B-00C04F79EFBC}") = "ConsoleApp.SampleCalculator", "ConsoleApp.SampleCalculator\ConsoleApp.SampleCalculator.csproj", "{BB9FB97E-CC6C-49F0-982D-C9AAC083C45A}"
EndProject
Project("{FAE04EC0-301F-11D3-BF4B-00C04F79EFBC}") = "ExceptionHandlingDemo", "ExceptionHandlingDemo\ExceptionHandlingDemo.csproj", "{18730DAC-30E0-42D1-960A-7B184ACB0CAA}"
EndProject
Global
	GlobalSection(SolutionConfigurationPlatforms) = preSolution
		Debug|Any CPU = Debug|Any CPU
		Release|Any CPU = Release|Any CPU
	EndGlobalSection
	GlobalSection(ProjectConfigurationPlatforms) = postSolution
		{0E0A3AD4-4219-446B-BF56-6F05D9B94F7B}.Debug|Any CPU.ActiveCfg = Debug|Any CPU
		{0E0A3AD4-4219-446B-BF56-6F05D9B94F7B}.Debug|Any CPU.Build.0 = Debug|Any CPU
		{0E0A3AD4-4219-446B-BF56-6F05D9B94F7B}.Release|Any CPU.ActiveCfg = Release|Any CPU
		{0E0A3AD4-4219-446B-BF56-6F05D9B94F7B}.Release|Any CPU.Build.0 = Release|Any CPU
		{BB9FB97E-CC6C-49F0-982D-C9AAC083C45A}.Debug|Any CPU.ActiveCfg = Debug|Any CPU
		{BB9FB97E-CC6C-49F0-982D-C9AAC083C45A}.Debug|Any CPU.Build.0 = Debug|Any CPU
		{BB9FB97E-CC6C-49F0-982D-C9AAC083C45A}.Release|Any CPU.ActiveCfg = Release|Any CPU
		{BB9FB97E-CC6C-49F0-982D-C9AAC083C45A}.Release|Any CPU.Build.0 = Release|Any CPU
		{18730DAC-30E0-42D1-960A-7B184ACB0CAA}.Debug|Any CPU.ActiveCfg = Debug|Any CPU
		{18730DAC-30E0-42D1-960A-7B184ACB0CAA}.Debug|Any CPU.Build.0 = Debug|Any CPU
		{18730DAC-30E0-42D1-960A-7B184ACB0CAA}.Release|Any CPU.ActiveCfg = Release|Any CPU
		{18730DAC-30E0-42D1-960A-7B184ACB0CAA}.Release|Any CPU.Build.0 = Release|Any CPU
	EndGlobalSection
	GlobalSection(SolutionProperties) = preSolution
		HideSolutionNode = FALSE
	EndGlobalSection
	GlobalSection(ExtensibilityGlobals) = postSolution
		SolutionGuid = {7B49BFCE-14DE-409E-9473-D81EC340BBA9}
	EndGlobalSection
EndGlobal
